
Microsoft Visual Studio Solution File, Format Version 12.00
# Visual Studio 2013
VisualStudioVersion = 12.0.21005.1
MinimumVisualStudioVersion = 10.0.40219.1
Project("{2150E333-8FDC-42A3-9474-1A3956D46DE8}") = "Tests", "Tests", "{723967EC-F33D-41C7-AA23-336F1460F7C1}"
EndProject
Project("{2150E333-8FDC-42A3-9474-1A3956D46DE8}") = "App", "App", "{A5485F04-9231-4A9E-B78F-00AA5D546C1E}"
EndProject
Project("{FAE04EC0-301F-11D3-BF4B-00C04F79EFBC}") = "App.Core", "App.Core\App.Core.csproj", "{57F09AE0-D415-4C9A-A5A9-4FD187CBF7E2}"
EndProject
Project("{FAE04EC0-301F-11D3-BF4B-00C04F79EFBC}") = "App.Console", "App.Console\App.Console.csproj", "{A1B9235C-1278-4868-815A-E66CC73A0097}"
EndProject
Project("{FAE04EC0-301F-11D3-BF4B-00C04F79EFBC}") = "DecoratorTest", "DecoratorTest\DecoratorTest.csproj", "{01DE1E8A-AE39-47E9-A2E5-85613F0E7AF6}"
EndProject
Global
	GlobalSection(SolutionConfigurationPlatforms) = preSolution
		Debug|Any CPU = Debug|Any CPU
		Release|Any CPU = Release|Any CPU
	EndGlobalSection
	GlobalSection(ProjectConfigurationPlatforms) = postSolution
		{57F09AE0-D415-4C9A-A5A9-4FD187CBF7E2}.Debug|Any CPU.ActiveCfg = Debug|Any CPU
		{57F09AE0-D415-4C9A-A5A9-4FD187CBF7E2}.Debug|Any CPU.Build.0 = Debug|Any CPU
		{57F09AE0-D415-4C9A-A5A9-4FD187CBF7E2}.Release|Any CPU.ActiveCfg = Release|Any CPU
		{57F09AE0-D415-4C9A-A5A9-4FD187CBF7E2}.Release|Any CPU.Build.0 = Release|Any CPU
		{A1B9235C-1278-4868-815A-E66CC73A0097}.Debug|Any CPU.ActiveCfg = Debug|Any CPU
		{A1B9235C-1278-4868-815A-E66CC73A0097}.Debug|Any CPU.Build.0 = Debug|Any CPU
		{A1B9235C-1278-4868-815A-E66CC73A0097}.Release|Any CPU.ActiveCfg = Release|Any CPU
		{A1B9235C-1278-4868-815A-E66CC73A0097}.Release|Any CPU.Build.0 = Release|Any CPU
		{01DE1E8A-AE39-47E9-A2E5-85613F0E7AF6}.Debug|Any CPU.ActiveCfg = Debug|Any CPU
		{01DE1E8A-AE39-47E9-A2E5-85613F0E7AF6}.Debug|Any CPU.Build.0 = Debug|Any CPU
		{01DE1E8A-AE39-47E9-A2E5-85613F0E7AF6}.Release|Any CPU.ActiveCfg = Release|Any CPU
		{01DE1E8A-AE39-47E9-A2E5-85613F0E7AF6}.Release|Any CPU.Build.0 = Release|Any CPU
	EndGlobalSection
	GlobalSection(SolutionProperties) = preSolution
		HideSolutionNode = FALSE
	EndGlobalSection
	GlobalSection(NestedProjects) = preSolution
		{01DE1E8A-AE39-47E9-A2E5-85613F0E7AF6} = {723967EC-F33D-41C7-AA23-336F1460F7C1}
		{57F09AE0-D415-4C9A-A5A9-4FD187CBF7E2} = {A5485F04-9231-4A9E-B78F-00AA5D546C1E}
		{A1B9235C-1278-4868-815A-E66CC73A0097} = {A5485F04-9231-4A9E-B78F-00AA5D546C1E}
	EndGlobalSection
EndGlobal
